
Microsoft Visual Studio Solution File, Format Version 12.00
# Visual Studio Version 16
VisualStudioVersion = 16.0.30225.117
MinimumVisualStudioVersion = 10.0.40219.1
Project("{FAE04EC0-301F-11D3-BF4B-00C04F79EFBC}") = "LibraryManagementProject", "LibraryManagementProject\LibraryManagementProject.csproj", "{500C7084-1F47-4AFD-97F5-08FECECDB4E1}"
EndProject
Global
	GlobalSection(SolutionConfigurationPlatforms) = preSolution
		Debug|Any CPU = Debug|Any CPU
		Release|Any CPU = Release|Any CPU
	EndGlobalSection
	GlobalSection(ProjectConfigurationPlatforms) = postSolution
		{500C7084-1F47-4AFD-97F5-08FECECDB4E1}.Debug|Any CPU.ActiveCfg = Debug|Any CPU
		{500C7084-1F47-4AFD-97F5-08FECECDB4E1}.Debug|Any CPU.Build.0 = Debug|Any CPU
		{500C7084-1F47-4AFD-97F5-08FECECDB4E1}.Release|Any CPU.ActiveCfg = Release|Any CPU
		{500C7084-1F47-4AFD-97F5-08FECECDB4E1}.Release|Any CPU.Build.0 = Release|Any CPU
	EndGlobalSection
	GlobalSection(SolutionProperties) = preSolution
		HideSolutionNode = FALSE
	EndGlobalSection
	GlobalSection(ExtensibilityGlobals) = postSolution
		SolutionGuid = {7169DDF0-A658-44F8-98B4-3A27C2A674DC}
	EndGlobalSection
EndGlobal
